
Microsoft Visual Studio Solution File, Format Version 12.00
# Visual Studio Version 16
VisualStudioVersion = 16.0.31025.194
MinimumVisualStudioVersion = 10.0.40219.1
Project("{FAE04EC0-301F-11D3-BF4B-00C04F79EFBC}") = "WorldFrequency", "WorldFrequency.csproj", "{C63B540C-F299-4811-A0CD-51D3DAA69D6C}"
EndProject
Global
	GlobalSection(SolutionConfigurationPlatforms) = preSolution
		Debug|Any CPU = Debug|Any CPU
		Release|Any CPU = Release|Any CPU
	EndGlobalSection
	GlobalSection(ProjectConfigurationPlatforms) = postSolution
		{C63B540C-F299-4811-A0CD-51D3DAA69D6C}.Debug|Any CPU.ActiveCfg = Debug|Any CPU
		{C63B540C-F299-4811-A0CD-51D3DAA69D6C}.Debug|Any CPU.Build.0 = Debug|Any CPU
		{C63B540C-F299-4811-A0CD-51D3DAA69D6C}.Release|Any CPU.ActiveCfg = Release|Any CPU
		{C63B540C-F299-4811-A0CD-51D3DAA69D6C}.Release|Any CPU.Build.0 = Release|Any CPU
	EndGlobalSection
	GlobalSection(SolutionProperties) = preSolution
		HideSolutionNode = FALSE
	EndGlobalSection
	GlobalSection(ExtensibilityGlobals) = postSolution
		SolutionGuid = {9A357274-7A06-4FB8-9A46-0D0F4B488A13}
	EndGlobalSection
EndGlobal
